
Microsoft Visual Studio Solution File, Format Version 12.00
# Visual Studio 2013
VisualStudioVersion = 12.0.31101.0
MinimumVisualStudioVersion = 10.0.40219.1
Project("{FAE04EC0-301F-11D3-BF4B-00C04F79EFBC}") = "AudioClient", "AudioClient\AudioClient.csproj", "{6E75B186-2FB3-44BC-89BE-479A610584D5}"
EndProject
Project("{FAE04EC0-301F-11D3-BF4B-00C04F79EFBC}") = "AudioService", "AudioService\AudioService.csproj", "{BBB8FD8B-31E4-4C45-A48A-CA26ABE6E6A6}"
EndProject
Global
	GlobalSection(SolutionConfigurationPlatforms) = preSolution
		Debug|Any CPU = Debug|Any CPU
		Release|Any CPU = Release|Any CPU
	EndGlobalSection
	GlobalSection(ProjectConfigurationPlatforms) = postSolution
		{6E75B186-2FB3-44BC-89BE-479A610584D5}.Debug|Any CPU.ActiveCfg = Debug|Any CPU
		{6E75B186-2FB3-44BC-89BE-479A610584D5}.Debug|Any CPU.Build.0 = Debug|Any CPU
		{6E75B186-2FB3-44BC-89BE-479A610584D5}.Release|Any CPU.ActiveCfg = Release|Any CPU
		{6E75B186-2FB3-44BC-89BE-479A610584D5}.Release|Any CPU.Build.0 = Release|Any CPU
		{BBB8FD8B-31E4-4C45-A48A-CA26ABE6E6A6}.Debug|Any CPU.ActiveCfg = Debug|Any CPU
		{BBB8FD8B-31E4-4C45-A48A-CA26ABE6E6A6}.Debug|Any CPU.Build.0 = Debug|Any CPU
		{BBB8FD8B-31E4-4C45-A48A-CA26ABE6E6A6}.Release|Any CPU.ActiveCfg = Release|Any CPU
		{BBB8FD8B-31E4-4C45-A48A-CA26ABE6E6A6}.Release|Any CPU.Build.0 = Release|Any CPU
	EndGlobalSection
	GlobalSection(SolutionProperties) = preSolution
		HideSolutionNode = FALSE
	EndGlobalSection
EndGlobal
